
Microsoft Visual Studio Solution File, Format Version 12.00
# Visual Studio Version 17
VisualStudioVersion = 17.5.33530.505
MinimumVisualStudioVersion = 10.0.40219.1
Project("{8BC9CEB8-8B4A-11D0-8D11-00A0C91BC942}") = "나비모양", "나비모양.vcxproj", "{57537EBB-ADB0-4A02-9825-B731317BC64E}"
EndProject
Global
	GlobalSection(SolutionConfigurationPlatforms) = preSolution
		Debug|x64 = Debug|x64
		Debug|x86 = Debug|x86
		Release|x64 = Release|x64
		Release|x86 = Release|x86
	EndGlobalSection
	GlobalSection(ProjectConfigurationPlatforms) = postSolution
		{57537EBB-ADB0-4A02-9825-B731317BC64E}.Debug|x64.ActiveCfg = Debug|x64
		{57537EBB-ADB0-4A02-9825-B731317BC64E}.Debug|x64.Build.0 = Debug|x64
		{57537EBB-ADB0-4A02-9825-B731317BC64E}.Debug|x86.ActiveCfg = Debug|Win32
		{57537EBB-ADB0-4A02-9825-B731317BC64E}.Debug|x86.Build.0 = Debug|Win32
		{57537EBB-ADB0-4A02-9825-B731317BC64E}.Release|x64.ActiveCfg = Release|x64
		{57537EBB-ADB0-4A02-9825-B731317BC64E}.Release|x64.Build.0 = Release|x64
		{57537EBB-ADB0-4A02-9825-B731317BC64E}.Release|x86.ActiveCfg = Release|Win32
		{57537EBB-ADB0-4A02-9825-B731317BC64E}.Release|x86.Build.0 = Release|Win32
	EndGlobalSection
	GlobalSection(SolutionProperties) = preSolution
		HideSolutionNode = FALSE
	EndGlobalSection
	GlobalSection(ExtensibilityGlobals) = postSolution
		SolutionGuid = {3CB4F170-4ECB-4355-B1C5-43264856CE73}
	EndGlobalSection
EndGlobal
